
Microsoft Visual Studio Solution File, Format Version 12.00
# Visual Studio 15
VisualStudioVersion = 15.0.28010.0
MinimumVisualStudioVersion = 10.0.40219.1
Project("{FAE04EC0-301F-11D3-BF4B-00C04F79EFBC}") = "ToDoList", "ToDoList\ToDoList.csproj", "{50C0F103-F164-4B33-A2F6-F77E982ED74D}"
EndProject
Project("{FAE04EC0-301F-11D3-BF4B-00C04F79EFBC}") = "ToDoListTests", "ToDoListTests\ToDoListTests.csproj", "{9D429C41-4AE6-42EB-876F-16E43C6D796C}"
EndProject
Global
	GlobalSection(SolutionConfigurationPlatforms) = preSolution
		Debug|Any CPU = Debug|Any CPU
		Release|Any CPU = Release|Any CPU
	EndGlobalSection
	GlobalSection(ProjectConfigurationPlatforms) = postSolution
		{50C0F103-F164-4B33-A2F6-F77E982ED74D}.Debug|Any CPU.ActiveCfg = Debug|Any CPU
		{50C0F103-F164-4B33-A2F6-F77E982ED74D}.Debug|Any CPU.Build.0 = Debug|Any CPU
		{50C0F103-F164-4B33-A2F6-F77E982ED74D}.Release|Any CPU.ActiveCfg = Release|Any CPU
		{50C0F103-F164-4B33-A2F6-F77E982ED74D}.Release|Any CPU.Build.0 = Release|Any CPU
		{9D429C41-4AE6-42EB-876F-16E43C6D796C}.Debug|Any CPU.ActiveCfg = Debug|Any CPU
		{9D429C41-4AE6-42EB-876F-16E43C6D796C}.Debug|Any CPU.Build.0 = Debug|Any CPU
		{9D429C41-4AE6-42EB-876F-16E43C6D796C}.Release|Any CPU.ActiveCfg = Release|Any CPU
		{9D429C41-4AE6-42EB-876F-16E43C6D796C}.Release|Any CPU.Build.0 = Release|Any CPU
	EndGlobalSection
	GlobalSection(SolutionProperties) = preSolution
		HideSolutionNode = FALSE
	EndGlobalSection
	GlobalSection(ExtensibilityGlobals) = postSolution
		SolutionGuid = {7F0F3A8A-E634-40C8-AE5A-A9B1DDF711AE}
	EndGlobalSection
EndGlobal
